// !$*UTF8*$!
{
	archiveVersion = 1;
	classes = {
	};
	objectVersion = 56;
	objects = {

/* Begin PBXBuildFile section */
		BB875D572BE7D4E400243991 /* KitchenNotebookApp.swift in Sources */ = {isa = PBXBuildFile; fileRef = BB875D562BE7D4E400243991 /* KitchenNotebookApp.swift */; };
		BB875D592BE7D4E400243991 /* ContentView.swift in Sources */ = {isa = PBXBuildFile; fileRef = BB875D582BE7D4E400243991 /* ContentView.swift */; };
		BB875D5B2BE7D4E800243991 /* Assets.xcassets in Resources */ = {isa = PBXBuildFile; fileRef = BB875D5A2BE7D4E800243991 /* Assets.xcassets */; };
		BB875D5E2BE7D4E800243991 /* Preview Assets.xcassets in Resources */ = {isa = PBXBuildFile; fileRef = BB875D5D2BE7D4E800243991 /* Preview Assets.xcassets */; };
		BB875D682BE7D4E800243991 /* KitchenNotebookTests.swift in Sources */ = {isa = PBXBuildFile; fileRef = BB875D672BE7D4E800243991 /* KitchenNotebookTests.swift */; };
		BB875D722BE7D4E800243991 /* KitchenNotebookUITests.swift in Sources */ = {isa = PBXBuildFile; fileRef = BB875D712BE7D4E800243991 /* KitchenNotebookUITests.swift */; };
		BB875D742BE7D4E800243991 /* KitchenNotebookUITestsLaunchTests.swift in Sources */ = {isa = PBXBuildFile; fileRef = BB875D732BE7D4E800243991 /* KitchenNotebookUITestsLaunchTests.swift */; };
		BB875D812BE7D70B00243991 /* HomeView.swift in Sources */ = {isa = PBXBuildFile; fileRef = BB875D802BE7D70B00243991 /* HomeView.swift */; };
		BB875D832BE7D74F00243991 /* Launch Screen.storyboard in Resources */ = {isa = PBXBuildFile; fileRef = BB875D822BE7D74F00243991 /* Launch Screen.storyboard */; };
		BB875D852BE7D78300243991 /* CategoriesView.swift in Sources */ = {isa = PBXBuildFile; fileRef = BB875D842BE7D78300243991 /* CategoriesView.swift */; };
		BB875D892BE7D7BD00243991 /* FavoritesView.swift in Sources */ = {isa = PBXBuildFile; fileRef = BB875D882BE7D7BD00243991 /* FavoritesView.swift */; };
		BB875D8B2BE7D7D200243991 /* AboutView.swift in Sources */ = {isa = PBXBuildFile; fileRef = BB875D8A2BE7D7D200243991 /* AboutView.swift */; };
		BB875D8D2BE7D80700243991 /* NewRecipeView.swift in Sources */ = {isa = PBXBuildFile; fileRef = BB875D8C2BE7D80700243991 /* NewRecipeView.swift */; };
		BB875D8F2BE7DD0E00243991 /* TabBar.swift in Sources */ = {isa = PBXBuildFile; fileRef = BB875D8E2BE7DD0E00243991 /* TabBar.swift */; };
		BBD3E4632BE7E92D0027C81A /* RecipeModel.swift in Sources */ = {isa = PBXBuildFile; fileRef = BBD3E4622BE7E92D0027C81A /* RecipeModel.swift */; };
		BBD3E4662BE7F1180027C81A /* RecipeCard.swift in Sources */ = {isa = PBXBuildFile; fileRef = BBD3E4652BE7F1180027C81A /* RecipeCard.swift */; };
		BBD3E4682BE826120027C81A /* RecipeList.swift in Sources */ = {isa = PBXBuildFile; fileRef = BBD3E4672BE826120027C81A /* RecipeList.swift */; };
		BBD3E46A2BE829170027C81A /* RecipeDetail.swift in Sources */ = {isa = PBXBuildFile; fileRef = BBD3E4692BE829170027C81A /* RecipeDetail.swift */; };
		BBD3E46C2BE8312D0027C81A /* AddRecipe.swift in Sources */ = {isa = PBXBuildFile; fileRef = BBD3E46B2BE8312D0027C81A /* AddRecipe.swift */; };
		BBD3E46E2BE83C920027C81A /* RecipesViewModel.swift in Sources */ = {isa = PBXBuildFile; fileRef = BBD3E46D2BE83C920027C81A /* RecipesViewModel.swift */; };
		BBE0971D2BEC77190005882A /* recipes.json in Resources */ = {isa = PBXBuildFile; fileRef = BBE0971C2BEC70A50005882A /* recipes.json */; };
/* End PBXBuildFile section */

/* Begin PBXContainerItemProxy section */
		BB875D642BE7D4E800243991 /* PBXContainerItemProxy */ = {
			isa = PBXContainerItemProxy;
			containerPortal = BB875D4B2BE7D4E300243991 /* Project object */;
			proxyType = 1;
			remoteGlobalIDString = BB875D522BE7D4E300243991;
			remoteInfo = KitchenNotebook;
		};
		BB875D6E2BE7D4E800243991 /* PBXContainerItemProxy */ = {
			isa = PBXContainerItemProxy;
			containerPortal = BB875D4B2BE7D4E300243991 /* Project object */;
			proxyType = 1;
			remoteGlobalIDString = BB875D522BE7D4E300243991;
			remoteInfo = KitchenNotebook;
		};
/* End PBXContainerItemProxy section */

/* Begin PBXFileReference section */
		2A9B4391FB1657488E414641 /* Pods-KitchenNotebook.release.xcconfig */ = {isa = PBXFileReference; includeInIndex = 1; lastKnownFileType = text.xcconfig; name = "Pods-KitchenNotebook.release.xcconfig"; path = "Target Support Files/Pods-KitchenNotebook/Pods-KitchenNotebook.release.xcconfig"; sourceTree = "<group>"; };
		687AF4FDCE926EF180453C3D /* Pods-KitchenNotebookTests.release.xcconfig */ = {isa = PBXFileReference; includeInIndex = 1; lastKnownFileType = text.xcconfig; name = "Pods-KitchenNotebookTests.release.xcconfig"; path = "Target Support Files/Pods-KitchenNotebookTests/Pods-KitchenNotebookTests.release.xcconfig"; sourceTree = "<group>"; };
		88DE6BB4942A50F72CA0FE86 /* Pods-KitchenNotebook.debug.xcconfig */ = {isa = PBXFileReference; includeInIndex = 1; lastKnownFileType = text.xcconfig; name = "Pods-KitchenNotebook.debug.xcconfig"; path = "Target Support Files/Pods-KitchenNotebook/Pods-KitchenNotebook.debug.xcconfig"; sourceTree = "<group>"; };
		AF72A930B3C51E2D37E622B4 /* Pods-KitchenNotebook-KitchenNotebookUITests.release.xcconfig */ = {isa = PBXFileReference; includeInIndex = 1; lastKnownFileType = text.xcconfig; name = "Pods-KitchenNotebook-KitchenNotebookUITests.release.xcconfig"; path = "Target Support Files/Pods-KitchenNotebook-KitchenNotebookUITests/Pods-KitchenNotebook-KitchenNotebookUITests.release.xcconfig"; sourceTree = "<group>"; };
		BA7A92F611074A157385A2CA /* Pods-KitchenNotebookTests.debug.xcconfig */ = {isa = PBXFileReference; includeInIndex = 1; lastKnownFileType = text.xcconfig; name = "Pods-KitchenNotebookTests.debug.xcconfig"; path = "Target Support Files/Pods-KitchenNotebookTests/Pods-KitchenNotebookTests.debug.xcconfig"; sourceTree = "<group>"; };
		BB875D532BE7D4E300243991 /* KitchenNotebook.app */ = {isa = PBXFileReference; explicitFileType = wrapper.application; includeInIndex = 0; path = KitchenNotebook.app; sourceTree = BUILT_PRODUCTS_DIR; };
		BB875D562BE7D4E400243991 /* KitchenNotebookApp.swift */ = {isa = PBXFileReference; lastKnownFileType = sourcecode.swift; path = KitchenNotebookApp.swift; sourceTree = "<group>"; };
		BB875D582BE7D4E400243991 /* ContentView.swift */ = {isa = PBXFileReference; lastKnownFileType = sourcecode.swift; path = ContentView.swift; sourceTree = "<group>"; };
		BB875D5A2BE7D4E800243991 /* Assets.xcassets */ = {isa = PBXFileReference; lastKnownFileType = folder.assetcatalog; path = Assets.xcassets; sourceTree = "<group>"; };
		BB875D5D2BE7D4E800243991 /* Preview Assets.xcassets */ = {isa = PBXFileReference; lastKnownFileType = folder.assetcatalog; path = "Preview Assets.xcassets"; sourceTree = "<group>"; };
		BB875D632BE7D4E800243991 /* KitchenNotebookTests.xctest */ = {isa = PBXFileReference; explicitFileType = wrapper.cfbundle; includeInIndex = 0; path = KitchenNotebookTests.xctest; sourceTree = BUILT_PRODUCTS_DIR; };
		BB875D672BE7D4E800243991 /* KitchenNotebookTests.swift */ = {isa = PBXFileReference; lastKnownFileType = sourcecode.swift; path = KitchenNotebookTests.swift; sourceTree = "<group>"; };
		BB875D6D2BE7D4E800243991 /* KitchenNotebookUITests.xctest */ = {isa = PBXFileReference; explicitFileType = wrapper.cfbundle; includeInIndex = 0; path = KitchenNotebookUITests.xctest; sourceTree = BUILT_PRODUCTS_DIR; };
		BB875D712BE7D4E800243991 /* KitchenNotebookUITests.swift */ = {isa = PBXFileReference; lastKnownFileType = sourcecode.swift; path = KitchenNotebookUITests.swift; sourceTree = "<group>"; };
		BB875D732BE7D4E800243991 /* KitchenNotebookUITestsLaunchTests.swift */ = {isa = PBXFileReference; lastKnownFileType = sourcecode.swift; path = KitchenNotebookUITestsLaunchTests.swift; sourceTree = "<group>"; };
		BB875D802BE7D70B00243991 /* HomeView.swift */ = {isa = PBXFileReference; lastKnownFileType = sourcecode.swift; path = HomeView.swift; sourceTree = "<group>"; };
		BB875D822BE7D74F00243991 /* Launch Screen.storyboard */ = {isa = PBXFileReference; lastKnownFileType = file.storyboard; path = "Launch Screen.storyboard"; sourceTree = "<group>"; };
		BB875D842BE7D78300243991 /* CategoriesView.swift */ = {isa = PBXFileReference; lastKnownFileType = sourcecode.swift; path = CategoriesView.swift; sourceTree = "<group>"; };
		BB875D882BE7D7BD00243991 /* FavoritesView.swift */ = {isa = PBXFileReference; lastKnownFileType = sourcecode.swift; path = FavoritesView.swift; sourceTree = "<group>"; };
		BB875D8A2BE7D7D200243991 /* AboutView.swift */ = {isa = PBXFileReference; lastKnownFileType = sourcecode.swift; path = AboutView.swift; sourceTree = "<group>"; };
		BB875D8C2BE7D80700243991 /* NewRecipeView.swift */ = {isa = PBXFileReference; lastKnownFileType = sourcecode.swift; path = NewRecipeView.swift; sourceTree = "<group>"; };
		BB875D8E2BE7DD0E00243991 /* TabBar.swift */ = {isa = PBXFileReference; lastKnownFileType = sourcecode.swift; path = TabBar.swift; sourceTree = "<group>"; };
		BBD3E4622BE7E92D0027C81A /* RecipeModel.swift */ = {isa = PBXFileReference; lastKnownFileType = sourcecode.swift; path = RecipeModel.swift; sourceTree = "<group>"; };
		BBD3E4652BE7F1180027C81A /* RecipeCard.swift */ = {isa = PBXFileReference; lastKnownFileType = sourcecode.swift; path = RecipeCard.swift; sourceTree = "<group>"; };
		BBD3E4672BE826120027C81A /* RecipeList.swift */ = {isa = PBXFileReference; lastKnownFileType = sourcecode.swift; path = RecipeList.swift; sourceTree = "<group>"; };
		BBD3E4692BE829170027C81A /* RecipeDetail.swift */ = {isa = PBXFileReference; lastKnownFileType = sourcecode.swift; path = RecipeDetail.swift; sourceTree = "<group>"; };
		BBD3E46B2BE8312D0027C81A /* AddRecipe.swift */ = {isa = PBXFileReference; lastKnownFileType = sourcecode.swift; path = AddRecipe.swift; sourceTree = "<group>"; };
		BBD3E46D2BE83C920027C81A /* RecipesViewModel.swift */ = {isa = PBXFileReference; lastKnownFileType = sourcecode.swift; path = RecipesViewModel.swift; sourceTree = "<group>"; };
		BBE0971C2BEC70A50005882A /* recipes.json */ = {isa = PBXFileReference; lastKnownFileType = text.json; path = recipes.json; sourceTree = "<group>"; };
		BC4754880F1412FEA60FC465 /* Pods-KitchenNotebook-KitchenNotebookUITests.debug.xcconfig */ = {isa = PBXFileReference; includeInIndex = 1; lastKnownFileType = text.xcconfig; name = "Pods-KitchenNotebook-KitchenNotebookUITests.debug.xcconfig"; path = "Target Support Files/Pods-KitchenNotebook-KitchenNotebookUITests/Pods-KitchenNotebook-KitchenNotebookUITests.debug.xcconfig"; sourceTree = "<group>"; };
/* End PBXFileReference section */

/* Begin PBXFrameworksBuildPhase section */
		BB875D502BE7D4E300243991 /* Frameworks */ = {
			isa = PBXFrameworksBuildPhase;
			buildActionMask = 2147483647;
			files = (
			);
			runOnlyForDeploymentPostprocessing = 0;
		};
		BB875D602BE7D4E800243991 /* Frameworks */ = {
			isa = PBXFrameworksBuildPhase;
			buildActionMask = 2147483647;
			files = (
			);
			runOnlyForDeploymentPostprocessing = 0;
		};
		BB875D6A2BE7D4E800243991 /* Frameworks */ = {
			isa = PBXFrameworksBuildPhase;
			buildActionMask = 2147483647;
			files = (
			);
			runOnlyForDeploymentPostprocessing = 0;
		};
/* End PBXFrameworksBuildPhase section */

/* Begin PBXGroup section */
		5045946EA173F9FB3887C33E /* Frameworks */ = {
			isa = PBXGroup;
			children = (
			);
			name = Frameworks;
			sourceTree = "<group>";
		};
		BB0504532BE854EF00ED3C53 /* views */ = {
			isa = PBXGroup;
			children = (
				BBD3E4642BE7F0E80027C81A /* components */,
				BB875D582BE7D4E400243991 /* ContentView.swift */,
				BB875D8E2BE7DD0E00243991 /* TabBar.swift */,
				BB875D802BE7D70B00243991 /* HomeView.swift */,
				BB875D842BE7D78300243991 /* CategoriesView.swift */,
				BB875D8C2BE7D80700243991 /* NewRecipeView.swift */,
				BB875D882BE7D7BD00243991 /* FavoritesView.swift */,
				BB875D8A2BE7D7D200243991 /* AboutView.swift */,
			);
			path = views;
			sourceTree = "<group>";
		};
		BB0504542BE8552000ED3C53 /* models */ = {
			isa = PBXGroup;
			children = (
				BBD3E4622BE7E92D0027C81A /* RecipeModel.swift */,
			);
			path = models;
			sourceTree = "<group>";
		};
		BB0504552BE8553500ED3C53 /* viewmodels */ = {
			isa = PBXGroup;
			children = (
				BBD3E46D2BE83C920027C81A /* RecipesViewModel.swift */,
			);
			path = viewmodels;
			sourceTree = "<group>";
		};
		BB875D4A2BE7D4E300243991 = {
			isa = PBXGroup;
			children = (
				BB875D552BE7D4E300243991 /* KitchenNotebook */,
				BB875D662BE7D4E800243991 /* KitchenNotebookTests */,
				BB875D702BE7D4E800243991 /* KitchenNotebookUITests */,
				BB875D542BE7D4E300243991 /* Products */,
				D7465E37C2CB9F2EAE39ADB3 /* Pods */,
				5045946EA173F9FB3887C33E /* Frameworks */,
			);
			sourceTree = "<group>";
		};
		BB875D542BE7D4E300243991 /* Products */ = {
			isa = PBXGroup;
			children = (
				BB875D532BE7D4E300243991 /* KitchenNotebook.app */,
				BB875D632BE7D4E800243991 /* KitchenNotebookTests.xctest */,
				BB875D6D2BE7D4E800243991 /* KitchenNotebookUITests.xctest */,
			);
			name = Products;
			sourceTree = "<group>";
		};
		BB875D552BE7D4E300243991 /* KitchenNotebook */ = {
			isa = PBXGroup;
			children = (
				BBE0971A2BEC70190005882A /* data */,
				BB875D562BE7D4E400243991 /* KitchenNotebookApp.swift */,
				BB0504542BE8552000ED3C53 /* models */,
				BB0504552BE8553500ED3C53 /* viewmodels */,
				BB0504532BE854EF00ED3C53 /* views */,
				BB875D5A2BE7D4E800243991 /* Assets.xcassets */,
				BB875D5C2BE7D4E800243991 /* Preview Content */,
				BB875D822BE7D74F00243991 /* Launch Screen.storyboard */,
			);
			path = KitchenNotebook;
			sourceTree = "<group>";
		};
		BB875D5C2BE7D4E800243991 /* Preview Content */ = {
			isa = PBXGroup;
			children = (
				BB875D5D2BE7D4E800243991 /* Preview Assets.xcassets */,
			);
			path = "Preview Content";
			sourceTree = "<group>";
		};
		BB875D662BE7D4E800243991 /* KitchenNotebookTests */ = {
			isa = PBXGroup;
			children = (
				BB875D672BE7D4E800243991 /* KitchenNotebookTests.swift */,
			);
			path = KitchenNotebookTests;
			sourceTree = "<group>";
		};
		BB875D702BE7D4E800243991 /* KitchenNotebookUITests */ = {
			isa = PBXGroup;
			children = (
				BB875D712BE7D4E800243991 /* KitchenNotebookUITests.swift */,
				BB875D732BE7D4E800243991 /* KitchenNotebookUITestsLaunchTests.swift */,
			);
			path = KitchenNotebookUITests;
			sourceTree = "<group>";
		};
		BBD3E4642BE7F0E80027C81A /* components */ = {
			isa = PBXGroup;
			children = (
				BBD3E4652BE7F1180027C81A /* RecipeCard.swift */,
				BBD3E4672BE826120027C81A /* RecipeList.swift */,
				BBD3E4692BE829170027C81A /* RecipeDetail.swift */,
				BBD3E46B2BE8312D0027C81A /* AddRecipe.swift */,
			);
			path = components;
			sourceTree = "<group>";
		};
		BBE0971A2BEC70190005882A /* data */ = {
			isa = PBXGroup;
			children = (
				BBE0971C2BEC70A50005882A /* recipes.json */,
			);
			path = data;
			sourceTree = "<group>";
		};
		D7465E37C2CB9F2EAE39ADB3 /* Pods */ = {
			isa = PBXGroup;
			children = (
				88DE6BB4942A50F72CA0FE86 /* Pods-KitchenNotebook.debug.xcconfig */,
				2A9B4391FB1657488E414641 /* Pods-KitchenNotebook.release.xcconfig */,
				BC4754880F1412FEA60FC465 /* Pods-KitchenNotebook-KitchenNotebookUITests.debug.xcconfig */,
				AF72A930B3C51E2D37E622B4 /* Pods-KitchenNotebook-KitchenNotebookUITests.release.xcconfig */,
				BA7A92F611074A157385A2CA /* Pods-KitchenNotebookTests.debug.xcconfig */,
				687AF4FDCE926EF180453C3D /* Pods-KitchenNotebookTests.release.xcconfig */,
			);
			path = Pods;
			sourceTree = "<group>";
		};
/* End PBXGroup section */

/* Begin PBXNativeTarget section */
		BB875D522BE7D4E300243991 /* KitchenNotebook */ = {
			isa = PBXNativeTarget;
			buildConfigurationList = BB875D772BE7D4E800243991 /* Build configuration list for PBXNativeTarget "KitchenNotebook" */;
			buildPhases = (
				DAB35007E3E18CDB0EB32C56 /* [CP] Check Pods Manifest.lock */,
				BB875D4F2BE7D4E300243991 /* Sources */,
				BB875D502BE7D4E300243991 /* Frameworks */,
				BB875D512BE7D4E300243991 /* Resources */,
			);
			buildRules = (
			);
			dependencies = (
			);
			name = KitchenNotebook;
			productName = KitchenNotebook;
			productReference = BB875D532BE7D4E300243991 /* KitchenNotebook.app */;
			productType = "com.apple.product-type.application";
		};
		BB875D622BE7D4E800243991 /* KitchenNotebookTests */ = {
			isa = PBXNativeTarget;
			buildConfigurationList = BB875D7A2BE7D4E800243991 /* Build configuration list for PBXNativeTarget "KitchenNotebookTests" */;
			buildPhases = (
				BB0A1DCD4A04C6BCCE51C7EC /* [CP] Check Pods Manifest.lock */,
				BB875D5F2BE7D4E800243991 /* Sources */,
				BB875D602BE7D4E800243991 /* Frameworks */,
				BB875D612BE7D4E800243991 /* Resources */,
			);
			buildRules = (
			);
			dependencies = (
				BB875D652BE7D4E800243991 /* PBXTargetDependency */,
			);
			name = KitchenNotebookTests;
			productName = KitchenNotebookTests;
			productReference = BB875D632BE7D4E800243991 /* KitchenNotebookTests.xctest */;
			productType = "com.apple.product-type.bundle.unit-test";
		};
		BB875D6C2BE7D4E800243991 /* KitchenNotebookUITests */ = {
			isa = PBXNativeTarget;
			buildConfigurationList = BB875D7D2BE7D4E800243991 /* Build configuration list for PBXNativeTarget "KitchenNotebookUITests" */;
			buildPhases = (
				5B3ECE7943CEE84AFBD2BC27 /* [CP] Check Pods Manifest.lock */,
				BB875D692BE7D4E800243991 /* Sources */,
				BB875D6A2BE7D4E800243991 /* Frameworks */,
				BB875D6B2BE7D4E800243991 /* Resources */,
			);
			buildRules = (
			);
			dependencies = (
				BB875D6F2BE7D4E800243991 /* PBXTargetDependency */,
			);
			name = KitchenNotebookUITests;
			productName = KitchenNotebookUITests;
			productReference = BB875D6D2BE7D4E800243991 /* KitchenNotebookUITests.xctest */;
			productType = "com.apple.product-type.bundle.ui-testing";
		};
/* End PBXNativeTarget section */

/* Begin PBXProject section */
		BB875D4B2BE7D4E300243991 /* Project object */ = {
			isa = PBXProject;
			attributes = {
				BuildIndependentTargetsInParallel = 1;
				LastSwiftUpdateCheck = 1530;
				LastUpgradeCheck = 1530;
				TargetAttributes = {
					BB875D522BE7D4E300243991 = {
						CreatedOnToolsVersion = 15.3;
					};
					BB875D622BE7D4E800243991 = {
						CreatedOnToolsVersion = 15.3;
						TestTargetID = BB875D522BE7D4E300243991;
					};
					BB875D6C2BE7D4E800243991 = {
						CreatedOnToolsVersion = 15.3;
						TestTargetID = BB875D522BE7D4E300243991;
					};
				};
			};
			buildConfigurationList = BB875D4E2BE7D4E300243991 /* Build configuration list for PBXProject "KitchenNotebook" */;
			compatibilityVersion = "Xcode 14.0";
			developmentRegion = en;
			hasScannedForEncodings = 0;
			knownRegions = (
				en,
				Base,
			);
			mainGroup = BB875D4A2BE7D4E300243991;
			productRefGroup = BB875D542BE7D4E300243991 /* Products */;
			projectDirPath = "";
			projectRoot = "";
			targets = (
				BB875D522BE7D4E300243991 /* KitchenNotebook */,
				BB875D622BE7D4E800243991 /* KitchenNotebookTests */,
				BB875D6C2BE7D4E800243991 /* KitchenNotebookUITests */,
			);
		};
/* End PBXProject section */

/* Begin PBXResourcesBuildPhase section */
		BB875D512BE7D4E300243991 /* Resources */ = {
			isa = PBXResourcesBuildPhase;
			buildActionMask = 2147483647;
			files = (
				BB875D832BE7D74F00243991 /* Launch Screen.storyboard in Resources */,
				BB875D5E2BE7D4E800243991 /* Preview Assets.xcassets in Resources */,
				BB875D5B2BE7D4E800243991 /* Assets.xcassets in Resources */,
				BBE0971D2BEC77190005882A /* recipes.json in Resources */,
			);
			runOnlyForDeploymentPostprocessing = 0;
		};
		BB875D612BE7D4E800243991 /* Resources */ = {
			isa = PBXResourcesBuildPhase;
			buildActionMask = 2147483647;
			files = (
			);
			runOnlyForDeploymentPostprocessing = 0;
		};
		BB875D6B2BE7D4E800243991 /* Resources */ = {
			isa = PBXResourcesBuildPhase;
			buildActionMask = 2147483647;
			files = (
			);
			runOnlyForDeploymentPostprocessing = 0;
		};
/* End PBXResourcesBuildPhase section */

/* Begin PBXShellScriptBuildPhase section */
		5B3ECE7943CEE84AFBD2BC27 /* [CP] Check Pods Manifest.lock */ = {
			isa = PBXShellScriptBuildPhase;
			buildActionMask = 2147483647;
			files = (
			);
			inputFileListPaths = (
			);
			inputPaths = (
				"${PODS_PODFILE_DIR_PATH}/Podfile.lock",
				"${PODS_ROOT}/Manifest.lock",
			);
			name = "[CP] Check Pods Manifest.lock";
			outputFileListPaths = (
			);
			outputPaths = (
				"$(DERIVED_FILE_DIR)/Pods-KitchenNotebook-KitchenNotebookUITests-checkManifestLockResult.txt",
			);
			runOnlyForDeploymentPostprocessing = 0;
			shellPath = /bin/sh;
			shellScript = "diff \"${PODS_PODFILE_DIR_PATH}/Podfile.lock\" \"${PODS_ROOT}/Manifest.lock\" > /dev/null\nif [ $? != 0 ] ; then\n    # print error to STDERR\n    echo \"error: The sandbox is not in sync with the Podfile.lock. Run 'pod install' or update your CocoaPods installation.\" >&2\n    exit 1\nfi\n# This output is used by Xcode 'outputs' to avoid re-running this script phase.\necho \"SUCCESS\" > \"${SCRIPT_OUTPUT_FILE_0}\"\n";
			showEnvVarsInLog = 0;
		};
		BB0A1DCD4A04C6BCCE51C7EC /* [CP] Check Pods Manifest.lock */ = {
			isa = PBXShellScriptBuildPhase;
			buildActionMask = 2147483647;
			files = (
			);
			inputFileListPaths = (
			);
			inputPaths = (
				"${PODS_PODFILE_DIR_PATH}/Podfile.lock",
				"${PODS_ROOT}/Manifest.lock",
			);
			name = "[CP] Check Pods Manifest.lock";
			outputFileListPaths = (
			);
			outputPaths = (
				"$(DERIVED_FILE_DIR)/Pods-KitchenNotebookTests-checkManifestLockResult.txt",
			);
			runOnlyForDeploymentPostprocessing = 0;
			shellPath = /bin/sh;
			shellScript = "diff \"${PODS_PODFILE_DIR_PATH}/Podfile.lock\" \"${PODS_ROOT}/Manifest.lock\" > /dev/null\nif [ $? != 0 ] ; then\n    # print error to STDERR\n    echo \"error: The sandbox is not in sync with the Podfile.lock. Run 'pod install' or update your CocoaPods installation.\" >&2\n    exit 1\nfi\n# This output is used by Xcode 'outputs' to avoid re-running this script phase.\necho \"SUCCESS\" > \"${SCRIPT_OUTPUT_FILE_0}\"\n";
			showEnvVarsInLog = 0;
		};
		DAB35007E3E18CDB0EB32C56 /* [CP] Check Pods Manifest.lock */ = {
			isa = PBXShellScriptBuildPhase;
			buildActionMask = 2147483647;
			files = (
			);
			inputFileListPaths = (
			);
			inputPaths = (
				"${PODS_PODFILE_DIR_PATH}/Podfile.lock",
				"${PODS_ROOT}/Manifest.lock",
			);
			name = "[CP] Check Pods Manifest.lock";
			outputFileListPaths = (
			);
			outputPaths = (
				"$(DERIVED_FILE_DIR)/Pods-KitchenNotebook-checkManifestLockResult.txt",
			);
			runOnlyForDeploymentPostprocessing = 0;
			shellPath = /bin/sh;
			shellScript = "diff \"${PODS_PODFILE_DIR_PATH}/Podfile.lock\" \"${PODS_ROOT}/Manifest.lock\" > /dev/null\nif [ $? != 0 ] ; then\n    # print error to STDERR\n    echo \"error: The sandbox is not in sync with the Podfile.lock. Run 'pod install' or update your CocoaPods installation.\" >&2\n    exit 1\nfi\n# This output is used by Xcode 'outputs' to avoid re-running this script phase.\necho \"SUCCESS\" > \"${SCRIPT_OUTPUT_FILE_0}\"\n";
			showEnvVarsInLog = 0;
		};
/* End PBXShellScriptBuildPhase section */

/* Begin PBXSourcesBuildPhase section */
		BB875D4F2BE7D4E300243991 /* Sources */ = {
			isa = PBXSourcesBuildPhase;
			buildActionMask = 2147483647;
			files = (
				BB875D892BE7D7BD00243991 /* FavoritesView.swift in Sources */,
				BBD3E4662BE7F1180027C81A /* RecipeCard.swift in Sources */,
				BB875D852BE7D78300243991 /* CategoriesView.swift in Sources */,
				BB875D812BE7D70B00243991 /* HomeView.swift in Sources */,
				BBD3E46A2BE829170027C81A /* RecipeDetail.swift in Sources */,
				BBD3E46C2BE8312D0027C81A /* AddRecipe.swift in Sources */,
				BB875D8F2BE7DD0E00243991 /* TabBar.swift in Sources */,
				BB875D8B2BE7D7D200243991 /* AboutView.swift in Sources */,
				BBD3E4682BE826120027C81A /* RecipeList.swift in Sources */,
				BB875D8D2BE7D80700243991 /* NewRecipeView.swift in Sources */,
				BB875D592BE7D4E400243991 /* ContentView.swift in Sources */,
				BB875D572BE7D4E400243991 /* KitchenNotebookApp.swift in Sources */,
				BBD3E46E2BE83C920027C81A /* RecipesViewModel.swift in Sources */,
				BBD3E4632BE7E92D0027C81A /* RecipeModel.swift in Sources */,
			);
			runOnlyForDeploymentPostprocessing = 0;
		};
		BB875D5F2BE7D4E800243991 /* Sources */ = {
			isa = PBXSourcesBuildPhase;
			buildActionMask = 2147483647;
			files = (
				BB875D682BE7D4E800243991 /* KitchenNotebookTests.swift in Sources */,
			);
			runOnlyForDeploymentPostprocessing = 0;
		};
		BB875D692BE7D4E800243991 /* Sources */ = {
			isa = PBXSourcesBuildPhase;
			buildActionMask = 2147483647;
			files = (
				BB875D742BE7D4E800243991 /* KitchenNotebookUITestsLaunchTests.swift in Sources */,
				BB875D722BE7D4E800243991 /* KitchenNotebookUITests.swift in Sources */,
			);
			runOnlyForDeploymentPostprocessing = 0;
		};
/* End PBXSourcesBuildPhase section */

/* Begin PBXTargetDependency section */
		BB875D652BE7D4E800243991 /* PBXTargetDependency */ = {
			isa = PBXTargetDependency;
			target = BB875D522BE7D4E300243991 /* KitchenNotebook */;
			targetProxy = BB875D642BE7D4E800243991 /* PBXContainerItemProxy */;
		};
		BB875D6F2BE7D4E800243991 /* PBXTargetDependency */ = {
			isa = PBXTargetDependency;
			target = BB875D522BE7D4E300243991 /* KitchenNotebook */;
			targetProxy = BB875D6E2BE7D4E800243991 /* PBXContainerItemProxy */;
		};
/* End PBXTargetDependency section */

/* Begin XCBuildConfiguration section */
		BB875D752BE7D4E800243991 /* Debug */ = {
			isa = XCBuildConfiguration;
			buildSettings = {
				ALWAYS_SEARCH_USER_PATHS = NO;
				ASSETCATALOG_COMPILER_GENERATE_SWIFT_ASSET_SYMBOL_EXTENSIONS = YES;
				CLANG_ANALYZER_NONNULL = YES;
				CLANG_ANALYZER_NUMBER_OBJECT_CONVERSION = YES_AGGRESSIVE;
				CLANG_CXX_LANGUAGE_STANDARD = "gnu++20";
				CLANG_ENABLE_MODULES = YES;
				CLANG_ENABLE_OBJC_ARC = YES;
				CLANG_ENABLE_OBJC_WEAK = YES;
				CLANG_WARN_BLOCK_CAPTURE_AUTORELEASING = YES;
				CLANG_WARN_BOOL_CONVERSION = YES;
				CLANG_WARN_COMMA = YES;
				CLANG_WARN_CONSTANT_CONVERSION = YES;
				CLANG_WARN_DEPRECATED_OBJC_IMPLEMENTATIONS = YES;
				CLANG_WARN_DIRECT_OBJC_ISA_USAGE = YES_ERROR;
				CLANG_WARN_DOCUMENTATION_COMMENTS = YES;
				CLANG_WARN_EMPTY_BODY = YES;
				CLANG_WARN_ENUM_CONVERSION = YES;
				CLANG_WARN_INFINITE_RECURSION = YES;
				CLANG_WARN_INT_CONVERSION = YES;
				CLANG_WARN_NON_LITERAL_NULL_CONVERSION = YES;
				CLANG_WARN_OBJC_IMPLICIT_RETAIN_SELF = YES;
				CLANG_WARN_OBJC_LITERAL_CONVERSION = YES;
				CLANG_WARN_OBJC_ROOT_CLASS = YES_ERROR;
				CLANG_WARN_QUOTED_INCLUDE_IN_FRAMEWORK_HEADER = YES;
				CLANG_WARN_RANGE_LOOP_ANALYSIS = YES;
				CLANG_WARN_STRICT_PROTOTYPES = YES;
				CLANG_WARN_SUSPICIOUS_MOVE = YES;
				CLANG_WARN_UNGUARDED_AVAILABILITY = YES_AGGRESSIVE;
				CLANG_WARN_UNREACHABLE_CODE = YES;
				CLANG_WARN__DUPLICATE_METHOD_MATCH = YES;
				COPY_PHASE_STRIP = YES;
				DEBUG_INFORMATION_FORMAT = dwarf;
				ENABLE_STRICT_OBJC_MSGSEND = YES;
				ENABLE_TESTABILITY = YES;
				ENABLE_USER_SCRIPT_SANDBOXING = YES;
				GCC_C_LANGUAGE_STANDARD = gnu17;
				GCC_DYNAMIC_NO_PIC = NO;
				GCC_NO_COMMON_BLOCKS = YES;
				GCC_OPTIMIZATION_LEVEL = 0;
				GCC_PREPROCESSOR_DEFINITIONS = (
					"DEBUG=1",
					"$(inherited)",
				);
				GCC_WARN_64_TO_32_BIT_CONVERSION = YES;
				GCC_WARN_ABOUT_RETURN_TYPE = YES_ERROR;
				GCC_WARN_UNDECLARED_SELECTOR = YES;
				GCC_WARN_UNINITIALIZED_AUTOS = YES_AGGRESSIVE;
				GCC_WARN_UNUSED_FUNCTION = YES;
				GCC_WARN_UNUSED_VARIABLE = YES;
				INSTALL_PATH = /Applications;
				IPHONEOS_DEPLOYMENT_TARGET = 15.0;
				LOCALIZATION_PREFERS_STRING_CATALOGS = YES;
				MTL_ENABLE_DEBUG_INFO = INCLUDE_SOURCE;
				MTL_FAST_MATH = YES;
				ONLY_ACTIVE_ARCH = YES;
				SDKROOT = iphoneos;
				SWIFT_ACTIVE_COMPILATION_CONDITIONS = "DEBUG $(inherited)";
				SWIFT_OPTIMIZATION_LEVEL = "-Onone";
			};
			name = Debug;
		};
		BB875D762BE7D4E800243991 /* Release */ = {
			isa = XCBuildConfiguration;
			buildSettings = {
				ALWAYS_SEARCH_USER_PATHS = NO;
				ASSETCATALOG_COMPILER_GENERATE_SWIFT_ASSET_SYMBOL_EXTENSIONS = YES;
				CLANG_ANALYZER_NONNULL = YES;
				CLANG_ANALYZER_NUMBER_OBJECT_CONVERSION = YES_AGGRESSIVE;
				CLANG_CXX_LANGUAGE_STANDARD = "gnu++20";
				CLANG_ENABLE_MODULES = YES;
				CLANG_ENABLE_OBJC_ARC = YES;
				CLANG_ENABLE_OBJC_WEAK = YES;
				CLANG_WARN_BLOCK_CAPTURE_AUTORELEASING = YES;
				CLANG_WARN_BOOL_CONVERSION = YES;
				CLANG_WARN_COMMA = YES;
				CLANG_WARN_CONSTANT_CONVERSION = YES;
				CLANG_WARN_DEPRECATED_OBJC_IMPLEMENTATIONS = YES;
				CLANG_WARN_DIRECT_OBJC_ISA_USAGE = YES_ERROR;
				CLANG_WARN_DOCUMENTATION_COMMENTS = YES;
				CLANG_WARN_EMPTY_BODY = YES;
				CLANG_WARN_ENUM_CONVERSION = YES;
				CLANG_WARN_INFINITE_RECURSION = YES;
				CLANG_WARN_INT_CONVERSION = YES;
				CLANG_WARN_NON_LITERAL_NULL_CONVERSION = YES;
				CLANG_WARN_OBJC_IMPLICIT_RETAIN_SELF = YES;
				CLANG_WARN_OBJC_LITERAL_CONVERSION = YES;
				CLANG_WARN_OBJC_ROOT_CLASS = YES_ERROR;
				CLANG_WARN_QUOTED_INCLUDE_IN_FRAMEWORK_HEADER = YES;
				CLANG_WARN_RANGE_LOOP_ANALYSIS = YES;
				CLANG_WARN_STRICT_PROTOTYPES = YES;
				CLANG_WARN_SUSPICIOUS_MOVE = YES;
				CLANG_WARN_UNGUARDED_AVAILABILITY = YES_AGGRESSIVE;
				CLANG_WARN_UNREACHABLE_CODE = YES;
				CLANG_WARN__DUPLICATE_METHOD_MATCH = YES;
				COPY_PHASE_STRIP = YES;
				DEBUG_INFORMATION_FORMAT = "dwarf-with-dsym";
				ENABLE_NS_ASSERTIONS = NO;
				ENABLE_STRICT_OBJC_MSGSEND = YES;
				ENABLE_USER_SCRIPT_SANDBOXING = YES;
				GCC_C_LANGUAGE_STANDARD = gnu17;
				GCC_NO_COMMON_BLOCKS = YES;
				GCC_WARN_64_TO_32_BIT_CONVERSION = YES;
				GCC_WARN_ABOUT_RETURN_TYPE = YES_ERROR;
				GCC_WARN_UNDECLARED_SELECTOR = YES;
				GCC_WARN_UNINITIALIZED_AUTOS = YES_AGGRESSIVE;
				GCC_WARN_UNUSED_FUNCTION = YES;
				GCC_WARN_UNUSED_VARIABLE = YES;
				INSTALL_PATH = /Applications;
				IPHONEOS_DEPLOYMENT_TARGET = 15.0;
				LOCALIZATION_PREFERS_STRING_CATALOGS = YES;
				MTL_ENABLE_DEBUG_INFO = NO;
				MTL_FAST_MATH = YES;
				SDKROOT = iphoneos;
				SWIFT_COMPILATION_MODE = wholemodule;
				VALIDATE_PRODUCT = YES;
			};
			name = Release;
		};
		BB875D782BE7D4E800243991 /* Debug */ = {
			isa = XCBuildConfiguration;
			baseConfigurationReference = 88DE6BB4942A50F72CA0FE86 /* Pods-KitchenNotebook.debug.xcconfig */;
			buildSettings = {
				ASSETCATALOG_COMPILER_APPICON_NAME = AppIcon;
				ASSETCATALOG_COMPILER_GLOBAL_ACCENT_COLOR_NAME = AccentColor;
				CODE_SIGN_STYLE = Automatic;
				CURRENT_PROJECT_VERSION = 1;
				DEVELOPMENT_ASSET_PATHS = "\"KitchenNotebook/Preview Content\"";
				DEVELOPMENT_TEAM = VJ4BFC93R7;
				ENABLE_PREVIEWS = YES;
				GENERATE_INFOPLIST_FILE = YES;
				INFOPLIST_KEY_UIApplicationSceneManifest_Generation = YES;
				INFOPLIST_KEY_UIApplicationSupportsIndirectInputEvents = YES;
				INFOPLIST_KEY_UILaunchScreen_Generation = YES;
				INFOPLIST_KEY_UISupportedInterfaceOrientations_iPad = "UIInterfaceOrientationPortrait UIInterfaceOrientationPortraitUpsideDown UIInterfaceOrientationLandscapeLeft UIInterfaceOrientationLandscapeRight";
				INFOPLIST_KEY_UISupportedInterfaceOrientations_iPhone = "UIInterfaceOrientationPortrait UIInterfaceOrientationLandscapeLeft UIInterfaceOrientationLandscapeRight";
				IPHONEOS_DEPLOYMENT_TARGET = 17.0;
				LD_RUNPATH_SEARCH_PATHS = (
					"$(inherited)",
					"@executable_path/Frameworks",
				);
				MARKETING_VERSION = 1.0;
				PRODUCT_BUNDLE_IDENTIFIER = edu.cs680.project.KitchenNotebook;
				PRODUCT_NAME = "$(TARGET_NAME)";
				SWIFT_EMIT_LOC_STRINGS = YES;
				SWIFT_VERSION = 5.0;
				TARGETED_DEVICE_FAMILY = "1,2";
			};
			name = Debug;
		};
		BB875D792BE7D4E800243991 /* Release */ = {
			isa = XCBuildConfiguration;
			baseConfigurationReference = 2A9B4391FB1657488E414641 /* Pods-KitchenNotebook.release.xcconfig */;
			buildSettings = {
				ASSETCATALOG_COMPILER_APPICON_NAME = AppIcon;
				ASSETCATALOG_COMPILER_GLOBAL_ACCENT_COLOR_NAME = AccentColor;
				CODE_SIGN_STYLE = Automatic;
				CURRENT_PROJECT_VERSION = 1;
				DEVELOPMENT_ASSET_PATHS = "\"KitchenNotebook/Preview Content\"";
				DEVELOPMENT_TEAM = VJ4BFC93R7;
				ENABLE_PREVIEWS = YES;
				GENERATE_INFOPLIST_FILE = YES;
				INFOPLIST_KEY_UIApplicationSceneManifest_Generation = YES;
				INFOPLIST_KEY_UIApplicationSupportsIndirectInputEvents = YES;
				INFOPLIST_KEY_UILaunchScreen_Generation = YES;
				INFOPLIST_KEY_UISupportedInterfaceOrientations_iPad = "UIInterfaceOrientationPortrait UIInterfaceOrientationPortraitUpsideDown UIInterfaceOrientationLandscapeLeft UIInterfaceOrientationLandscapeRight";
				INFOPLIST_KEY_UISupportedInterfaceOrientations_iPhone = "UIInterfaceOrientationPortrait UIInterfaceOrientationLandscapeLeft UIInterfaceOrientationLandscapeRight";
				IPHONEOS_DEPLOYMENT_TARGET = 17.0;
				LD_RUNPATH_SEARCH_PATHS = (
					"$(inherited)",
					"@executable_path/Frameworks",
				);
				MARKETING_VERSION = 1.0;
				PRODUCT_BUNDLE_IDENTIFIER = edu.cs680.project.KitchenNotebook;
				PRODUCT_NAME = "$(TARGET_NAME)";
				SWIFT_EMIT_LOC_STRINGS = YES;
				SWIFT_VERSION = 5.0;
				TARGETED_DEVICE_FAMILY = "1,2";
			};
			name = Release;
		};
		BB875D7B2BE7D4E800243991 /* Debug */ = {
			isa = XCBuildConfiguration;
			baseConfigurationReference = BA7A92F611074A157385A2CA /* Pods-KitchenNotebookTests.debug.xcconfig */;
			buildSettings = {
				ALWAYS_EMBED_SWIFT_STANDARD_LIBRARIES = YES;
				BUNDLE_LOADER = "$(TEST_HOST)";
				CODE_SIGN_STYLE = Automatic;
				CURRENT_PROJECT_VERSION = 1;
				DEVELOPMENT_TEAM = VJ4BFC93R7;
				GENERATE_INFOPLIST_FILE = YES;
				IPHONEOS_DEPLOYMENT_TARGET = 17.4;
				MARKETING_VERSION = 1.0;
				PRODUCT_BUNDLE_IDENTIFIER = edu.cs680.project.KitchenNotebookTests;
				PRODUCT_NAME = "$(TARGET_NAME)";
				SWIFT_EMIT_LOC_STRINGS = NO;
				SWIFT_VERSION = 5.0;
				TARGETED_DEVICE_FAMILY = "1,2";
				TEST_HOST = "$(BUILT_PRODUCTS_DIR)/KitchenNotebook.app/$(BUNDLE_EXECUTABLE_FOLDER_PATH)/KitchenNotebook";
			};
			name = Debug;
		};
		BB875D7C2BE7D4E800243991 /* Release */ = {
			isa = XCBuildConfiguration;
			baseConfigurationReference = 687AF4FDCE926EF180453C3D /* Pods-KitchenNotebookTests.release.xcconfig */;
			buildSettings = {
				ALWAYS_EMBED_SWIFT_STANDARD_LIBRARIES = YES;
				BUNDLE_LOADER = "$(TEST_HOST)";
				CODE_SIGN_STYLE = Automatic;
				CURRENT_PROJECT_VERSION = 1;
				DEVELOPMENT_TEAM = VJ4BFC93R7;
				GENERATE_INFOPLIST_FILE = YES;
				IPHONEOS_DEPLOYMENT_TARGET = 17.4;
				MARKETING_VERSION = 1.0;
				PRODUCT_BUNDLE_IDENTIFIER = edu.cs680.project.KitchenNotebookTests;
				PRODUCT_NAME = "$(TARGET_NAME)";
				SWIFT_EMIT_LOC_STRINGS = NO;
				SWIFT_VERSION = 5.0;
				TARGETED_DEVICE_FAMILY = "1,2";
				TEST_HOST = "$(BUILT_PRODUCTS_DIR)/KitchenNotebook.app/$(BUNDLE_EXECUTABLE_FOLDER_PATH)/KitchenNotebook";
			};
			name = Release;
		};
		BB875D7E2BE7D4E800243991 /* Debug */ = {
			isa = XCBuildConfiguration;
			baseConfigurationReference = BC4754880F1412FEA60FC465 /* Pods-KitchenNotebook-KitchenNotebookUITests.debug.xcconfig */;
			buildSettings = {
				ALWAYS_EMBED_SWIFT_STANDARD_LIBRARIES = YES;
				CODE_SIGN_STYLE = Automatic;
				CURRENT_PROJECT_VERSION = 1;
				DEVELOPMENT_TEAM = VJ4BFC93R7;
				GENERATE_INFOPLIST_FILE = YES;
				MARKETING_VERSION = 1.0;
				PRODUCT_BUNDLE_IDENTIFIER = edu.cs680.project.KitchenNotebookUITests;
				PRODUCT_NAME = "$(TARGET_NAME)";
				SWIFT_EMIT_LOC_STRINGS = NO;
				SWIFT_VERSION = 5.0;
				TARGETED_DEVICE_FAMILY = "1,2";
				TEST_TARGET_NAME = KitchenNotebook;
			};
			name = Debug;
		};
		BB875D7F2BE7D4E800243991 /* Release */ = {
			isa = XCBuildConfiguration;
			baseConfigurationReference = AF72A930B3C51E2D37E622B4 /* Pods-KitchenNotebook-KitchenNotebookUITests.release.xcconfig */;
			buildSettings = {
				ALWAYS_EMBED_SWIFT_STANDARD_LIBRARIES = YES;
				CODE_SIGN_STYLE = Automatic;
				CURRENT_PROJECT_VERSION = 1;
				DEVELOPMENT_TEAM = VJ4BFC93R7;
				GENERATE_INFOPLIST_FILE = YES;
				MARKETING_VERSION = 1.0;
				PRODUCT_BUNDLE_IDENTIFIER = edu.cs680.project.KitchenNotebookUITests;
				PRODUCT_NAME = "$(TARGET_NAME)";
				SWIFT_EMIT_LOC_STRINGS = NO;
				SWIFT_VERSION = 5.0;
				TARGETED_DEVICE_FAMILY = "1,2";
				TEST_TARGET_NAME = KitchenNotebook;
			};
			name = Release;
		};
/* End XCBuildConfiguration section */

/* Begin XCConfigurationList section */
		BB875D4E2BE7D4E300243991 /* Build configuration list for PBXProject "KitchenNotebook" */ = {
			isa = XCConfigurationList;
			buildConfigurations = (
				BB875D752BE7D4E800243991 /* Debug */,
				BB875D762BE7D4E800243991 /* Release */,
			);
			defaultConfigurationIsVisible = 0;
			defaultConfigurationName = Release;
		};
		BB875D772BE7D4E800243991 /* Build configuration list for PBXNativeTarget "KitchenNotebook" */ = {
			isa = XCConfigurationList;
			buildConfigurations = (
				BB875D782BE7D4E800243991 /* Debug */,
				BB875D792BE7D4E800243991 /* Release */,
			);
			defaultConfigurationIsVisible = 0;
			defaultConfigurationName = Release;
		};
		BB875D7A2BE7D4E800243991 /* Build configuration list for PBXNativeTarget "KitchenNotebookTests" */ = {
			isa = XCConfigurationList;
			buildConfigurations = (
				BB875D7B2BE7D4E800243991 /* Debug */,
				BB875D7C2BE7D4E800243991 /* Release */,
			);
			defaultConfigurationIsVisible = 0;
			defaultConfigurationName = Release;
		};
		BB875D7D2BE7D4E800243991 /* Build configuration list for PBXNativeTarget "KitchenNotebookUITests" */ = {
			isa = XCConfigurationList;
			buildConfigurations = (
				BB875D7E2BE7D4E800243991 /* Debug */,
				BB875D7F2BE7D4E800243991 /* Release */,
			);
			defaultConfigurationIsVisible = 0;
			defaultConfigurationName = Release;
		};
/* End XCConfigurationList section */
	};
	rootObject = BB875D4B2BE7D4E300243991 /* Project object */;
}
